
Microsoft Visual Studio Solution File, Format Version 12.00
# Visual Studio Version 16
VisualStudioVersion = 16.0.31402.337
MinimumVisualStudioVersion = 10.0.40219.1
Project("{FAE04EC0-301F-11D3-BF4B-00C04F79EFBC}") = "Test Exersizes", "Test Exersizes\Test Exersizes.csproj", "{AD499034-5119-4956-9CB0-815384FAC2A8}"
EndProject
Global
	GlobalSection(SolutionConfigurationPlatforms) = preSolution
		Debug|Any CPU = Debug|Any CPU
		Release|Any CPU = Release|Any CPU
	EndGlobalSection
	GlobalSection(ProjectConfigurationPlatforms) = postSolution
		{AD499034-5119-4956-9CB0-815384FAC2A8}.Debug|Any CPU.ActiveCfg = Debug|Any CPU
		{AD499034-5119-4956-9CB0-815384FAC2A8}.Debug|Any CPU.Build.0 = Debug|Any CPU
		{AD499034-5119-4956-9CB0-815384FAC2A8}.Release|Any CPU.ActiveCfg = Release|Any CPU
		{AD499034-5119-4956-9CB0-815384FAC2A8}.Release|Any CPU.Build.0 = Release|Any CPU
	EndGlobalSection
	GlobalSection(SolutionProperties) = preSolution
		HideSolutionNode = FALSE
	EndGlobalSection
	GlobalSection(ExtensibilityGlobals) = postSolution
		SolutionGuid = {3070F393-47E6-4465-AF34-B371EF3A637F}
	EndGlobalSection
EndGlobal
