
Microsoft Visual Studio Solution File, Format Version 12.00
# Visual Studio Version 16
VisualStudioVersion = 16.0.31402.337
MinimumVisualStudioVersion = 10.0.40219.1
Project("{FAE04EC0-301F-11D3-BF4B-00C04F79EFBC}") = "EX_11", "EX_11\EX_11.csproj", "{0997AF9E-DB40-460B-B7CE-898DA7EEFA60}"
EndProject
Global
	GlobalSection(SolutionConfigurationPlatforms) = preSolution
		Debug|Any CPU = Debug|Any CPU
		Release|Any CPU = Release|Any CPU
	EndGlobalSection
	GlobalSection(ProjectConfigurationPlatforms) = postSolution
		{0997AF9E-DB40-460B-B7CE-898DA7EEFA60}.Debug|Any CPU.ActiveCfg = Debug|Any CPU
		{0997AF9E-DB40-460B-B7CE-898DA7EEFA60}.Debug|Any CPU.Build.0 = Debug|Any CPU
		{0997AF9E-DB40-460B-B7CE-898DA7EEFA60}.Release|Any CPU.ActiveCfg = Release|Any CPU
		{0997AF9E-DB40-460B-B7CE-898DA7EEFA60}.Release|Any CPU.Build.0 = Release|Any CPU
	EndGlobalSection
	GlobalSection(SolutionProperties) = preSolution
		HideSolutionNode = FALSE
	EndGlobalSection
	GlobalSection(ExtensibilityGlobals) = postSolution
		SolutionGuid = {1095DCF5-158C-478C-A851-EB474A0F674D}
	EndGlobalSection
EndGlobal
