
Microsoft Visual Studio Solution File, Format Version 12.00
# Visual Studio Version 16
VisualStudioVersion = 16.0.31402.337
MinimumVisualStudioVersion = 10.0.40219.1
Project("{FAE04EC0-301F-11D3-BF4B-00C04F79EFBC}") = "EX_13", "EX_13\EX_13.csproj", "{1F2F04C7-EA51-4E2D-929F-BE5B5D6B3D62}"
EndProject
Global
	GlobalSection(SolutionConfigurationPlatforms) = preSolution
		Debug|Any CPU = Debug|Any CPU
		Release|Any CPU = Release|Any CPU
	EndGlobalSection
	GlobalSection(ProjectConfigurationPlatforms) = postSolution
		{1F2F04C7-EA51-4E2D-929F-BE5B5D6B3D62}.Debug|Any CPU.ActiveCfg = Debug|Any CPU
		{1F2F04C7-EA51-4E2D-929F-BE5B5D6B3D62}.Debug|Any CPU.Build.0 = Debug|Any CPU
		{1F2F04C7-EA51-4E2D-929F-BE5B5D6B3D62}.Release|Any CPU.ActiveCfg = Release|Any CPU
		{1F2F04C7-EA51-4E2D-929F-BE5B5D6B3D62}.Release|Any CPU.Build.0 = Release|Any CPU
	EndGlobalSection
	GlobalSection(SolutionProperties) = preSolution
		HideSolutionNode = FALSE
	EndGlobalSection
	GlobalSection(ExtensibilityGlobals) = postSolution
		SolutionGuid = {CEBCFE14-C9EB-4766-9D82-4749C192EE68}
	EndGlobalSection
EndGlobal
