
Microsoft Visual Studio Solution File, Format Version 12.00
# Visual Studio Version 16
VisualStudioVersion = 16.0.31005.135
MinimumVisualStudioVersion = 10.0.40219.1
Project("{FAE04EC0-301F-11D3-BF4B-00C04F79EFBC}") = "ObjectOverrides", "ObjectOverrides.csproj", "{8B4F8D7D-272D-48D3-9663-DF1D25DDB7FD}"
EndProject
Global
	GlobalSection(SolutionConfigurationPlatforms) = preSolution
		Debug|Any CPU = Debug|Any CPU
		Release|Any CPU = Release|Any CPU
	EndGlobalSection
	GlobalSection(ProjectConfigurationPlatforms) = postSolution
		{8B4F8D7D-272D-48D3-9663-DF1D25DDB7FD}.Debug|Any CPU.ActiveCfg = Debug|Any CPU
		{8B4F8D7D-272D-48D3-9663-DF1D25DDB7FD}.Debug|Any CPU.Build.0 = Debug|Any CPU
		{8B4F8D7D-272D-48D3-9663-DF1D25DDB7FD}.Release|Any CPU.ActiveCfg = Release|Any CPU
		{8B4F8D7D-272D-48D3-9663-DF1D25DDB7FD}.Release|Any CPU.Build.0 = Release|Any CPU
	EndGlobalSection
	GlobalSection(SolutionProperties) = preSolution
		HideSolutionNode = FALSE
	EndGlobalSection
	GlobalSection(ExtensibilityGlobals) = postSolution
		SolutionGuid = {7FEB74B7-9388-48C5-9645-E7D2A84E2C36}
	EndGlobalSection
EndGlobal
