
Microsoft Visual Studio Solution File, Format Version 12.00
# Visual Studio Version 16
VisualStudioVersion = 16.0.31005.135
MinimumVisualStudioVersion = 10.0.40219.1
Project("{FAE04EC0-301F-11D3-BF4B-00C04F79EFBC}") = "EmployeeApp", "EmployeeApp.csproj", "{BD075FF6-CDB4-441B-B6A7-53FFB250CBEB}"
EndProject
Global
	GlobalSection(SolutionConfigurationPlatforms) = preSolution
		Debug|Any CPU = Debug|Any CPU
		Release|Any CPU = Release|Any CPU
	EndGlobalSection
	GlobalSection(ProjectConfigurationPlatforms) = postSolution
		{BD075FF6-CDB4-441B-B6A7-53FFB250CBEB}.Debug|Any CPU.ActiveCfg = Debug|Any CPU
		{BD075FF6-CDB4-441B-B6A7-53FFB250CBEB}.Debug|Any CPU.Build.0 = Debug|Any CPU
		{BD075FF6-CDB4-441B-B6A7-53FFB250CBEB}.Release|Any CPU.ActiveCfg = Release|Any CPU
		{BD075FF6-CDB4-441B-B6A7-53FFB250CBEB}.Release|Any CPU.Build.0 = Release|Any CPU
	EndGlobalSection
	GlobalSection(SolutionProperties) = preSolution
		HideSolutionNode = FALSE
	EndGlobalSection
	GlobalSection(ExtensibilityGlobals) = postSolution
		SolutionGuid = {E828122C-88F7-46A8-A35D-1C2C339F0BBC}
	EndGlobalSection
EndGlobal
