
Microsoft Visual Studio Solution File, Format Version 12.00
# Visual Studio Version 16
VisualStudioVersion = 16.0.31402.337
MinimumVisualStudioVersion = 10.0.40219.1
Project("{FAE04EC0-301F-11D3-BF4B-00C04F79EFBC}") = "SimpleDelegate", "SimpleDelegate\SimpleDelegate.csproj", "{B72FFBB4-E0FF-4178-8B99-5127CCB4608B}"
EndProject
Global
	GlobalSection(SolutionConfigurationPlatforms) = preSolution
		Debug|Any CPU = Debug|Any CPU
		Release|Any CPU = Release|Any CPU
	EndGlobalSection
	GlobalSection(ProjectConfigurationPlatforms) = postSolution
		{B72FFBB4-E0FF-4178-8B99-5127CCB4608B}.Debug|Any CPU.ActiveCfg = Debug|Any CPU
		{B72FFBB4-E0FF-4178-8B99-5127CCB4608B}.Debug|Any CPU.Build.0 = Debug|Any CPU
		{B72FFBB4-E0FF-4178-8B99-5127CCB4608B}.Release|Any CPU.ActiveCfg = Release|Any CPU
		{B72FFBB4-E0FF-4178-8B99-5127CCB4608B}.Release|Any CPU.Build.0 = Release|Any CPU
	EndGlobalSection
	GlobalSection(SolutionProperties) = preSolution
		HideSolutionNode = FALSE
	EndGlobalSection
	GlobalSection(ExtensibilityGlobals) = postSolution
		SolutionGuid = {3E0B1292-1481-4451-9AF2-CC241FE9CB15}
	EndGlobalSection
EndGlobal
