
Microsoft Visual Studio Solution File, Format Version 12.00
# Visual Studio Version 16
VisualStudioVersion = 16.0.31402.337
MinimumVisualStudioVersion = 10.0.40219.1
Project("{FAE04EC0-301F-11D3-BF4B-00C04F79EFBC}") = "TEMP!", "TEMP!\TEMP!.csproj", "{4B7848B9-D601-46D5-9072-28DD38D8DE44}"
EndProject
Global
	GlobalSection(SolutionConfigurationPlatforms) = preSolution
		Debug|Any CPU = Debug|Any CPU
		Release|Any CPU = Release|Any CPU
	EndGlobalSection
	GlobalSection(ProjectConfigurationPlatforms) = postSolution
		{4B7848B9-D601-46D5-9072-28DD38D8DE44}.Debug|Any CPU.ActiveCfg = Debug|Any CPU
		{4B7848B9-D601-46D5-9072-28DD38D8DE44}.Debug|Any CPU.Build.0 = Debug|Any CPU
		{4B7848B9-D601-46D5-9072-28DD38D8DE44}.Release|Any CPU.ActiveCfg = Release|Any CPU
		{4B7848B9-D601-46D5-9072-28DD38D8DE44}.Release|Any CPU.Build.0 = Release|Any CPU
	EndGlobalSection
	GlobalSection(SolutionProperties) = preSolution
		HideSolutionNode = FALSE
	EndGlobalSection
	GlobalSection(ExtensibilityGlobals) = postSolution
		SolutionGuid = {5FE59539-3CD5-44B5-9F11-5A825FF5E877}
	EndGlobalSection
EndGlobal
