
Microsoft Visual Studio Solution File, Format Version 12.00
# Visual Studio Version 16
VisualStudioVersion = 16.0.31005.135
MinimumVisualStudioVersion = 10.0.40219.1
Project("{FAE04EC0-301F-11D3-BF4B-00C04F79EFBC}") = "BasicConsoleIO", "BasicConsoleIO.csproj", "{A7F6324D-75B9-4517-BD28-1BCB59D3035C}"
EndProject
Global
	GlobalSection(SolutionConfigurationPlatforms) = preSolution
		Debug|Any CPU = Debug|Any CPU
		Release|Any CPU = Release|Any CPU
	EndGlobalSection
	GlobalSection(ProjectConfigurationPlatforms) = postSolution
		{A7F6324D-75B9-4517-BD28-1BCB59D3035C}.Debug|Any CPU.ActiveCfg = Debug|Any CPU
		{A7F6324D-75B9-4517-BD28-1BCB59D3035C}.Debug|Any CPU.Build.0 = Debug|Any CPU
		{A7F6324D-75B9-4517-BD28-1BCB59D3035C}.Release|Any CPU.ActiveCfg = Release|Any CPU
		{A7F6324D-75B9-4517-BD28-1BCB59D3035C}.Release|Any CPU.Build.0 = Release|Any CPU
	EndGlobalSection
	GlobalSection(SolutionProperties) = preSolution
		HideSolutionNode = FALSE
	EndGlobalSection
	GlobalSection(ExtensibilityGlobals) = postSolution
		SolutionGuid = {A92D36E1-98B5-4BF4-8FF4-00D12C57FBBF}
	EndGlobalSection
EndGlobal
