
Microsoft Visual Studio Solution File, Format Version 12.00
# Visual Studio Version 16
VisualStudioVersion = 16.0.31005.135
MinimumVisualStudioVersion = 10.0.40219.1
Project("{FAE04EC0-301F-11D3-BF4B-00C04F79EFBC}") = "ProcessMultipleEsceptions", "ProcessMultipleEsceptions.csproj", "{67E8E0A2-7EA2-48D4-8C4D-08FC06BF983C}"
EndProject
Global
	GlobalSection(SolutionConfigurationPlatforms) = preSolution
		Debug|Any CPU = Debug|Any CPU
		Release|Any CPU = Release|Any CPU
	EndGlobalSection
	GlobalSection(ProjectConfigurationPlatforms) = postSolution
		{67E8E0A2-7EA2-48D4-8C4D-08FC06BF983C}.Debug|Any CPU.ActiveCfg = Debug|Any CPU
		{67E8E0A2-7EA2-48D4-8C4D-08FC06BF983C}.Debug|Any CPU.Build.0 = Debug|Any CPU
		{67E8E0A2-7EA2-48D4-8C4D-08FC06BF983C}.Release|Any CPU.ActiveCfg = Release|Any CPU
		{67E8E0A2-7EA2-48D4-8C4D-08FC06BF983C}.Release|Any CPU.Build.0 = Release|Any CPU
	EndGlobalSection
	GlobalSection(SolutionProperties) = preSolution
		HideSolutionNode = FALSE
	EndGlobalSection
	GlobalSection(ExtensibilityGlobals) = postSolution
		SolutionGuid = {807EEB80-7119-41A9-84E4-739F95D1941A}
	EndGlobalSection
EndGlobal
