
Microsoft Visual Studio Solution File, Format Version 12.00
# Visual Studio Version 16
VisualStudioVersion = 16.0.31402.337
MinimumVisualStudioVersion = 10.0.40219.1
Project("{FAE04EC0-301F-11D3-BF4B-00C04F79EFBC}") = "Ex_2", "Ex_2\Ex_2.csproj", "{8AAA3AC2-1D7C-4B45-B376-F1BEA700ABE2}"
EndProject
Global
	GlobalSection(SolutionConfigurationPlatforms) = preSolution
		Debug|Any CPU = Debug|Any CPU
		Release|Any CPU = Release|Any CPU
	EndGlobalSection
	GlobalSection(ProjectConfigurationPlatforms) = postSolution
		{8AAA3AC2-1D7C-4B45-B376-F1BEA700ABE2}.Debug|Any CPU.ActiveCfg = Debug|Any CPU
		{8AAA3AC2-1D7C-4B45-B376-F1BEA700ABE2}.Debug|Any CPU.Build.0 = Debug|Any CPU
		{8AAA3AC2-1D7C-4B45-B376-F1BEA700ABE2}.Release|Any CPU.ActiveCfg = Release|Any CPU
		{8AAA3AC2-1D7C-4B45-B376-F1BEA700ABE2}.Release|Any CPU.Build.0 = Release|Any CPU
	EndGlobalSection
	GlobalSection(SolutionProperties) = preSolution
		HideSolutionNode = FALSE
	EndGlobalSection
	GlobalSection(ExtensibilityGlobals) = postSolution
		SolutionGuid = {9CB1933A-1579-4090-928C-8A25B6EFF4A1}
	EndGlobalSection
EndGlobal
