
Microsoft Visual Studio Solution File, Format Version 12.00
# Visual Studio Version 16
VisualStudioVersion = 16.0.31005.135
MinimumVisualStudioVersion = 10.0.40219.1
Project("{FAE04EC0-301F-11D3-BF4B-00C04F79EFBC}") = "InterfceHierarhy", "InterfceHierarhy.csproj", "{4DC635A6-50C3-44CB-A963-BC883721F450}"
EndProject
Global
	GlobalSection(SolutionConfigurationPlatforms) = preSolution
		Debug|Any CPU = Debug|Any CPU
		Release|Any CPU = Release|Any CPU
	EndGlobalSection
	GlobalSection(ProjectConfigurationPlatforms) = postSolution
		{4DC635A6-50C3-44CB-A963-BC883721F450}.Debug|Any CPU.ActiveCfg = Debug|Any CPU
		{4DC635A6-50C3-44CB-A963-BC883721F450}.Debug|Any CPU.Build.0 = Debug|Any CPU
		{4DC635A6-50C3-44CB-A963-BC883721F450}.Release|Any CPU.ActiveCfg = Release|Any CPU
		{4DC635A6-50C3-44CB-A963-BC883721F450}.Release|Any CPU.Build.0 = Release|Any CPU
	EndGlobalSection
	GlobalSection(SolutionProperties) = preSolution
		HideSolutionNode = FALSE
	EndGlobalSection
	GlobalSection(ExtensibilityGlobals) = postSolution
		SolutionGuid = {54B83AEF-8AFD-4437-A9D9-971E3F641920}
	EndGlobalSection
EndGlobal
